
Microsoft Visual Studio Solution File, Format Version 12.00
# Visual Studio 2012
Project("{FAE04EC0-301F-11D3-BF4B-00C04F79EFBC}") = "Excellent", "Excellent\Excellent.csproj", "{93CD3421-68FE-4711-8028-E867C97ECF76}"
EndProject
Project("{FAE04EC0-301F-11D3-BF4B-00C04F79EFBC}") = "ExcellentOrNot", "ExcellentOrNot\ExcellentOrNot.csproj", "{ABFD13AE-42AA-4C29-AEEC-A097910EEA9C}"
EndProject
Project("{FAE04EC0-301F-11D3-BF4B-00C04F79EFBC}") = "EvenOrOdd", "EvenOrOdd\EvenOrOdd.csproj", "{6867F2B8-2698-4625-809D-4323BFE1DDB7}"
EndProject
Project("{FAE04EC0-301F-11D3-BF4B-00C04F79EFBC}") = "GreaterNumber", "GreaterNumber\GreaterNumber.csproj", "{ED42A59C-FD96-4D73-A1C3-CD4E3057947E}"
EndProject
Project("{FAE04EC0-301F-11D3-BF4B-00C04F79EFBC}") = "NumbersToText", "NumbersToText\NumbersToText.csproj", "{B7F6FC06-5F22-4493-9F71-995102C5B811}"
EndProject
Project("{FAE04EC0-301F-11D3-BF4B-00C04F79EFBC}") = "NumberScore", "NumberScore\NumberScore.csproj", "{73811842-CFF5-4126-BFBC-EB48FF3BEF29}"
EndProject
Project("{FAE04EC0-301F-11D3-BF4B-00C04F79EFBC}") = "SumSeconds", "SumSeconds\SumSeconds.csproj", "{A39410B5-F3A1-412F-9C5F-06C28322DF1E}"
EndProject
Project("{FAE04EC0-301F-11D3-BF4B-00C04F79EFBC}") = "MetricConvertor", "MetricConvertor\MetricConvertor.csproj", "{B813F256-15AD-421D-8654-BC8CA7E4E202}"
EndProject
Project("{FAE04EC0-301F-11D3-BF4B-00C04F79EFBC}") = "PasswordGuess", "PasswordGuess\PasswordGuess.csproj", "{90CADBB3-00D7-4C97-86E9-6900847ACC9B}"
EndProject
Project("{FAE04EC0-301F-11D3-BF4B-00C04F79EFBC}") = "Number100To200", "Number100To200\Number100To200.csproj", "{07FC3A68-DB2F-4CE6-8D71-F343FEB4DF4A}"
EndProject
Project("{FAE04EC0-301F-11D3-BF4B-00C04F79EFBC}") = "EqualWords", "EqualWords\EqualWords.csproj", "{8506CAA7-4C32-41F7-963B-C37222030F29}"
EndProject
Project("{FAE04EC0-301F-11D3-BF4B-00C04F79EFBC}") = "SpeedInfo", "SpeedInfo\SpeedInfo.csproj", "{3A2A23B7-8A77-4B63-9E14-A28DD1B50FDD}"
EndProject
Project("{FAE04EC0-301F-11D3-BF4B-00C04F79EFBC}") = "AreaOfFigures", "AreaOfFigures\AreaOfFigures.csproj", "{69DCFA12-38CF-4083-B3EB-6A6036AF6C20}"
EndProject
Project("{FAE04EC0-301F-11D3-BF4B-00C04F79EFBC}") = "TimePlus15Minutes", "TimePlus15Minutes\TimePlus15Minutes.csproj", "{712B3608-9EC7-445C-86AD-E3727B0F975F}"
EndProject
Project("{FAE04EC0-301F-11D3-BF4B-00C04F79EFBC}") = "ThreeEqualNumbers", "ThreeEqualNumbers\ThreeEqualNumbers.csproj", "{7B33F2E5-2382-46F8-81DB-8C6BEEA4446C}"
EndProject
Global
	GlobalSection(SolutionConfigurationPlatforms) = preSolution
		Debug|x86 = Debug|x86
		Release|x86 = Release|x86
	EndGlobalSection
	GlobalSection(ProjectConfigurationPlatforms) = postSolution
		{07FC3A68-DB2F-4CE6-8D71-F343FEB4DF4A}.Debug|x86.ActiveCfg = Debug|x86
		{07FC3A68-DB2F-4CE6-8D71-F343FEB4DF4A}.Debug|x86.Build.0 = Debug|x86
		{07FC3A68-DB2F-4CE6-8D71-F343FEB4DF4A}.Release|x86.ActiveCfg = Release|x86
		{07FC3A68-DB2F-4CE6-8D71-F343FEB4DF4A}.Release|x86.Build.0 = Release|x86
		{3A2A23B7-8A77-4B63-9E14-A28DD1B50FDD}.Debug|x86.ActiveCfg = Debug|x86
		{3A2A23B7-8A77-4B63-9E14-A28DD1B50FDD}.Debug|x86.Build.0 = Debug|x86
		{3A2A23B7-8A77-4B63-9E14-A28DD1B50FDD}.Release|x86.ActiveCfg = Release|x86
		{3A2A23B7-8A77-4B63-9E14-A28DD1B50FDD}.Release|x86.Build.0 = Release|x86
		{6867F2B8-2698-4625-809D-4323BFE1DDB7}.Debug|x86.ActiveCfg = Debug|x86
		{6867F2B8-2698-4625-809D-4323BFE1DDB7}.Debug|x86.Build.0 = Debug|x86
		{6867F2B8-2698-4625-809D-4323BFE1DDB7}.Release|x86.ActiveCfg = Release|x86
		{6867F2B8-2698-4625-809D-4323BFE1DDB7}.Release|x86.Build.0 = Release|x86
		{69DCFA12-38CF-4083-B3EB-6A6036AF6C20}.Debug|x86.ActiveCfg = Debug|x86
		{69DCFA12-38CF-4083-B3EB-6A6036AF6C20}.Debug|x86.Build.0 = Debug|x86
		{69DCFA12-38CF-4083-B3EB-6A6036AF6C20}.Release|x86.ActiveCfg = Release|x86
		{69DCFA12-38CF-4083-B3EB-6A6036AF6C20}.Release|x86.Build.0 = Release|x86
		{712B3608-9EC7-445C-86AD-E3727B0F975F}.Debug|x86.ActiveCfg = Debug|x86
		{712B3608-9EC7-445C-86AD-E3727B0F975F}.Debug|x86.Build.0 = Debug|x86
		{712B3608-9EC7-445C-86AD-E3727B0F975F}.Release|x86.ActiveCfg = Release|x86
		{712B3608-9EC7-445C-86AD-E3727B0F975F}.Release|x86.Build.0 = Release|x86
		{73811842-CFF5-4126-BFBC-EB48FF3BEF29}.Debug|x86.ActiveCfg = Debug|x86
		{73811842-CFF5-4126-BFBC-EB48FF3BEF29}.Debug|x86.Build.0 = Debug|x86
		{73811842-CFF5-4126-BFBC-EB48FF3BEF29}.Release|x86.ActiveCfg = Release|x86
		{73811842-CFF5-4126-BFBC-EB48FF3BEF29}.Release|x86.Build.0 = Release|x86
		{7B33F2E5-2382-46F8-81DB-8C6BEEA4446C}.Debug|x86.ActiveCfg = Debug|x86
		{7B33F2E5-2382-46F8-81DB-8C6BEEA4446C}.Debug|x86.Build.0 = Debug|x86
		{7B33F2E5-2382-46F8-81DB-8C6BEEA4446C}.Release|x86.ActiveCfg = Release|x86
		{7B33F2E5-2382-46F8-81DB-8C6BEEA4446C}.Release|x86.Build.0 = Release|x86
		{8506CAA7-4C32-41F7-963B-C37222030F29}.Debug|x86.ActiveCfg = Debug|x86
		{8506CAA7-4C32-41F7-963B-C37222030F29}.Debug|x86.Build.0 = Debug|x86
		{8506CAA7-4C32-41F7-963B-C37222030F29}.Release|x86.ActiveCfg = Release|x86
		{8506CAA7-4C32-41F7-963B-C37222030F29}.Release|x86.Build.0 = Release|x86
		{90CADBB3-00D7-4C97-86E9-6900847ACC9B}.Debug|x86.ActiveCfg = Debug|x86
		{90CADBB3-00D7-4C97-86E9-6900847ACC9B}.Debug|x86.Build.0 = Debug|x86
		{90CADBB3-00D7-4C97-86E9-6900847ACC9B}.Release|x86.ActiveCfg = Release|x86
		{90CADBB3-00D7-4C97-86E9-6900847ACC9B}.Release|x86.Build.0 = Release|x86
		{93CD3421-68FE-4711-8028-E867C97ECF76}.Debug|x86.ActiveCfg = Debug|x86
		{93CD3421-68FE-4711-8028-E867C97ECF76}.Debug|x86.Build.0 = Debug|x86
		{93CD3421-68FE-4711-8028-E867C97ECF76}.Release|x86.ActiveCfg = Release|x86
		{93CD3421-68FE-4711-8028-E867C97ECF76}.Release|x86.Build.0 = Release|x86
		{A39410B5-F3A1-412F-9C5F-06C28322DF1E}.Debug|x86.ActiveCfg = Debug|x86
		{A39410B5-F3A1-412F-9C5F-06C28322DF1E}.Debug|x86.Build.0 = Debug|x86
		{A39410B5-F3A1-412F-9C5F-06C28322DF1E}.Release|x86.ActiveCfg = Release|x86
		{A39410B5-F3A1-412F-9C5F-06C28322DF1E}.Release|x86.Build.0 = Release|x86
		{ABFD13AE-42AA-4C29-AEEC-A097910EEA9C}.Debug|x86.ActiveCfg = Debug|x86
		{ABFD13AE-42AA-4C29-AEEC-A097910EEA9C}.Debug|x86.Build.0 = Debug|x86
		{ABFD13AE-42AA-4C29-AEEC-A097910EEA9C}.Release|x86.ActiveCfg = Release|x86
		{ABFD13AE-42AA-4C29-AEEC-A097910EEA9C}.Release|x86.Build.0 = Release|x86
		{B7F6FC06-5F22-4493-9F71-995102C5B811}.Debug|x86.ActiveCfg = Debug|x86
		{B7F6FC06-5F22-4493-9F71-995102C5B811}.Debug|x86.Build.0 = Debug|x86
		{B7F6FC06-5F22-4493-9F71-995102C5B811}.Release|x86.ActiveCfg = Release|x86
		{B7F6FC06-5F22-4493-9F71-995102C5B811}.Release|x86.Build.0 = Release|x86
		{B813F256-15AD-421D-8654-BC8CA7E4E202}.Debug|x86.ActiveCfg = Debug|x86
		{B813F256-15AD-421D-8654-BC8CA7E4E202}.Debug|x86.Build.0 = Debug|x86
		{B813F256-15AD-421D-8654-BC8CA7E4E202}.Release|x86.ActiveCfg = Release|x86
		{B813F256-15AD-421D-8654-BC8CA7E4E202}.Release|x86.Build.0 = Release|x86
		{ED42A59C-FD96-4D73-A1C3-CD4E3057947E}.Debug|x86.ActiveCfg = Debug|x86
		{ED42A59C-FD96-4D73-A1C3-CD4E3057947E}.Debug|x86.Build.0 = Debug|x86
		{ED42A59C-FD96-4D73-A1C3-CD4E3057947E}.Release|x86.ActiveCfg = Release|x86
		{ED42A59C-FD96-4D73-A1C3-CD4E3057947E}.Release|x86.Build.0 = Release|x86
	EndGlobalSection
EndGlobal
