
Microsoft Visual Studio Solution File, Format Version 12.00
# Visual Studio 2012
Project("{FAE04EC0-301F-11D3-BF4B-00C04F79EFBC}") = "PersonalTitles", "PersonalTitles\PersonalTitles.csproj", "{382E440A-4AD0-4084-A92C-8DCF240D5C29}"
EndProject
Project("{FAE04EC0-301F-11D3-BF4B-00C04F79EFBC}") = "SmallShop", "SmallShop\SmallShop.csproj", "{C51EAE03-4FCA-45AA-B401-26E2E851CC54}"
EndProject
Project("{FAE04EC0-301F-11D3-BF4B-00C04F79EFBC}") = "PointInRectangle", "PointInRectangle\PointInRectangle.csproj", "{5CB224DF-30ED-40B2-85B8-FCF22A7735AD}"
EndProject
Project("{FAE04EC0-301F-11D3-BF4B-00C04F79EFBC}") = "FruitOrVegetable", "FruitOrVegetable\FruitOrVegetable.csproj", "{95AF0709-35BF-4E72-AAF7-160B99841BF2}"
EndProject
Project("{FAE04EC0-301F-11D3-BF4B-00C04F79EFBC}") = "RectangleBorder", "RectangleBorder\RectangleBorder.csproj", "{E9974BDC-4414-4F85-AAEB-6B166D31B436}"
EndProject
Project("{FAE04EC0-301F-11D3-BF4B-00C04F79EFBC}") = "FruitShop", "FruitShop\FruitShop.csproj", "{F599EB4B-6F36-4BB2-850E-ABFA87A26D64}"
EndProject
Project("{FAE04EC0-301F-11D3-BF4B-00C04F79EFBC}") = "Butterfly", "Butterfly\Butterfly.csproj", "{0A49CC5D-BE45-4BEA-9FB3-A6EEE45F2CAF}"
EndProject
Project("{FAE04EC0-301F-11D3-BF4B-00C04F79EFBC}") = "Trip", "Trip\Trip.csproj", "{6DFDE7CE-F9EA-4B0E-AD1F-9E69404C2EC2}"
EndProject
Project("{FAE04EC0-301F-11D3-BF4B-00C04F79EFBC}") = "InvalidNumber", "InvalidNumber\InvalidNumber.csproj", "{C4C33103-F53F-4F4E-BD8E-BCFCF831FB02}"
EndProject
Project("{FAE04EC0-301F-11D3-BF4B-00C04F79EFBC}") = "TradeComissions", "TradeComissions\TradeComissions.csproj", "{9732CE18-C401-418C-AD76-A6AD1E2AA675}"
EndProject
Project("{FAE04EC0-301F-11D3-BF4B-00C04F79EFBC}") = "DayOfWeek", "DayOfWeek\DayOfWeek.csproj", "{2DC7A33A-FF23-4950-B650-699B9E638B34}"
EndProject
Project("{FAE04EC0-301F-11D3-BF4B-00C04F79EFBC}") = "AnimalType", "AnimalType\AnimalType.csproj", "{35258336-7670-4542-A400-5673784BDFD3}"
EndProject
Project("{FAE04EC0-301F-11D3-BF4B-00C04F79EFBC}") = "Cinema", "Cinema\Cinema.csproj", "{212D9045-1332-45A8-8978-D824541E74A9}"
EndProject
Project("{FAE04EC0-301F-11D3-BF4B-00C04F79EFBC}") = "Volleyball", "Volleyball\Volleyball.csproj", "{11BEA835-E64F-4555-96CF-701C0EEFBD6C}"
EndProject
Project("{FAE04EC0-301F-11D3-BF4B-00C04F79EFBC}") = "PointInTheFigure", "PointInTheFigure\PointInTheFigure.csproj", "{6E3BECE0-0933-4280-B3A7-BF30C9C0C68B}"
EndProject
Global
	GlobalSection(SolutionConfigurationPlatforms) = preSolution
		Debug|x86 = Debug|x86
		Release|x86 = Release|x86
	EndGlobalSection
	GlobalSection(ProjectConfigurationPlatforms) = postSolution
		{0A49CC5D-BE45-4BEA-9FB3-A6EEE45F2CAF}.Debug|x86.ActiveCfg = Debug|x86
		{0A49CC5D-BE45-4BEA-9FB3-A6EEE45F2CAF}.Debug|x86.Build.0 = Debug|x86
		{0A49CC5D-BE45-4BEA-9FB3-A6EEE45F2CAF}.Release|x86.ActiveCfg = Release|x86
		{0A49CC5D-BE45-4BEA-9FB3-A6EEE45F2CAF}.Release|x86.Build.0 = Release|x86
		{11BEA835-E64F-4555-96CF-701C0EEFBD6C}.Debug|x86.ActiveCfg = Debug|x86
		{11BEA835-E64F-4555-96CF-701C0EEFBD6C}.Debug|x86.Build.0 = Debug|x86
		{11BEA835-E64F-4555-96CF-701C0EEFBD6C}.Release|x86.ActiveCfg = Release|x86
		{11BEA835-E64F-4555-96CF-701C0EEFBD6C}.Release|x86.Build.0 = Release|x86
		{212D9045-1332-45A8-8978-D824541E74A9}.Debug|x86.ActiveCfg = Debug|x86
		{212D9045-1332-45A8-8978-D824541E74A9}.Debug|x86.Build.0 = Debug|x86
		{212D9045-1332-45A8-8978-D824541E74A9}.Release|x86.ActiveCfg = Release|x86
		{212D9045-1332-45A8-8978-D824541E74A9}.Release|x86.Build.0 = Release|x86
		{2DC7A33A-FF23-4950-B650-699B9E638B34}.Debug|x86.ActiveCfg = Debug|x86
		{2DC7A33A-FF23-4950-B650-699B9E638B34}.Debug|x86.Build.0 = Debug|x86
		{2DC7A33A-FF23-4950-B650-699B9E638B34}.Release|x86.ActiveCfg = Release|x86
		{2DC7A33A-FF23-4950-B650-699B9E638B34}.Release|x86.Build.0 = Release|x86
		{35258336-7670-4542-A400-5673784BDFD3}.Debug|x86.ActiveCfg = Debug|x86
		{35258336-7670-4542-A400-5673784BDFD3}.Debug|x86.Build.0 = Debug|x86
		{35258336-7670-4542-A400-5673784BDFD3}.Release|x86.ActiveCfg = Release|x86
		{35258336-7670-4542-A400-5673784BDFD3}.Release|x86.Build.0 = Release|x86
		{382E440A-4AD0-4084-A92C-8DCF240D5C29}.Debug|x86.ActiveCfg = Debug|x86
		{382E440A-4AD0-4084-A92C-8DCF240D5C29}.Debug|x86.Build.0 = Debug|x86
		{382E440A-4AD0-4084-A92C-8DCF240D5C29}.Release|x86.ActiveCfg = Release|x86
		{382E440A-4AD0-4084-A92C-8DCF240D5C29}.Release|x86.Build.0 = Release|x86
		{5CB224DF-30ED-40B2-85B8-FCF22A7735AD}.Debug|x86.ActiveCfg = Debug|x86
		{5CB224DF-30ED-40B2-85B8-FCF22A7735AD}.Debug|x86.Build.0 = Debug|x86
		{5CB224DF-30ED-40B2-85B8-FCF22A7735AD}.Release|x86.ActiveCfg = Release|x86
		{5CB224DF-30ED-40B2-85B8-FCF22A7735AD}.Release|x86.Build.0 = Release|x86
		{6DFDE7CE-F9EA-4B0E-AD1F-9E69404C2EC2}.Debug|x86.ActiveCfg = Debug|x86
		{6DFDE7CE-F9EA-4B0E-AD1F-9E69404C2EC2}.Debug|x86.Build.0 = Debug|x86
		{6DFDE7CE-F9EA-4B0E-AD1F-9E69404C2EC2}.Release|x86.ActiveCfg = Release|x86
		{6DFDE7CE-F9EA-4B0E-AD1F-9E69404C2EC2}.Release|x86.Build.0 = Release|x86
		{6E3BECE0-0933-4280-B3A7-BF30C9C0C68B}.Debug|x86.ActiveCfg = Debug|x86
		{6E3BECE0-0933-4280-B3A7-BF30C9C0C68B}.Debug|x86.Build.0 = Debug|x86
		{6E3BECE0-0933-4280-B3A7-BF30C9C0C68B}.Release|x86.ActiveCfg = Release|x86
		{6E3BECE0-0933-4280-B3A7-BF30C9C0C68B}.Release|x86.Build.0 = Release|x86
		{95AF0709-35BF-4E72-AAF7-160B99841BF2}.Debug|x86.ActiveCfg = Debug|x86
		{95AF0709-35BF-4E72-AAF7-160B99841BF2}.Debug|x86.Build.0 = Debug|x86
		{95AF0709-35BF-4E72-AAF7-160B99841BF2}.Release|x86.ActiveCfg = Release|x86
		{95AF0709-35BF-4E72-AAF7-160B99841BF2}.Release|x86.Build.0 = Release|x86
		{9732CE18-C401-418C-AD76-A6AD1E2AA675}.Debug|x86.ActiveCfg = Debug|x86
		{9732CE18-C401-418C-AD76-A6AD1E2AA675}.Debug|x86.Build.0 = Debug|x86
		{9732CE18-C401-418C-AD76-A6AD1E2AA675}.Release|x86.ActiveCfg = Release|x86
		{9732CE18-C401-418C-AD76-A6AD1E2AA675}.Release|x86.Build.0 = Release|x86
		{C4C33103-F53F-4F4E-BD8E-BCFCF831FB02}.Debug|x86.ActiveCfg = Debug|x86
		{C4C33103-F53F-4F4E-BD8E-BCFCF831FB02}.Debug|x86.Build.0 = Debug|x86
		{C4C33103-F53F-4F4E-BD8E-BCFCF831FB02}.Release|x86.ActiveCfg = Release|x86
		{C4C33103-F53F-4F4E-BD8E-BCFCF831FB02}.Release|x86.Build.0 = Release|x86
		{C51EAE03-4FCA-45AA-B401-26E2E851CC54}.Debug|x86.ActiveCfg = Debug|x86
		{C51EAE03-4FCA-45AA-B401-26E2E851CC54}.Debug|x86.Build.0 = Debug|x86
		{C51EAE03-4FCA-45AA-B401-26E2E851CC54}.Release|x86.ActiveCfg = Release|x86
		{C51EAE03-4FCA-45AA-B401-26E2E851CC54}.Release|x86.Build.0 = Release|x86
		{E9974BDC-4414-4F85-AAEB-6B166D31B436}.Debug|x86.ActiveCfg = Debug|x86
		{E9974BDC-4414-4F85-AAEB-6B166D31B436}.Debug|x86.Build.0 = Debug|x86
		{E9974BDC-4414-4F85-AAEB-6B166D31B436}.Release|x86.ActiveCfg = Release|x86
		{E9974BDC-4414-4F85-AAEB-6B166D31B436}.Release|x86.Build.0 = Release|x86
		{F599EB4B-6F36-4BB2-850E-ABFA87A26D64}.Debug|x86.ActiveCfg = Debug|x86
		{F599EB4B-6F36-4BB2-850E-ABFA87A26D64}.Debug|x86.Build.0 = Debug|x86
		{F599EB4B-6F36-4BB2-850E-ABFA87A26D64}.Release|x86.ActiveCfg = Release|x86
		{F599EB4B-6F36-4BB2-850E-ABFA87A26D64}.Release|x86.Build.0 = Release|x86
	EndGlobalSection
EndGlobal
